
Microsoft Visual Studio Solution File, Format Version 11.00
# Visual C# Express 2010
Project("{FAE04EC0-301F-11D3-BF4B-00C04F79EFBC}") = "ProgrammingAssignment2", "ProgrammingAssignment2\ProgrammingAssignment2\ProgrammingAssignment2.csproj", "{F1E262B6-AF6F-4265-813B-4FC8FAE8FDA1}"
EndProject
Project("{96E2B04D-8817-42C6-938A-82C39BA4D311}") = "ProgrammingAssignment2Content", "ProgrammingAssignment2\ProgrammingAssignment2Content\ProgrammingAssignment2Content.contentproj", "{D05D8D24-611E-4882-A36B-BABAFC0B7CA4}"
EndProject
Global
	GlobalSection(SolutionConfigurationPlatforms) = preSolution
		Debug|x86 = Debug|x86
		Release|x86 = Release|x86
	EndGlobalSection
	GlobalSection(ProjectConfigurationPlatforms) = postSolution
		{F1E262B6-AF6F-4265-813B-4FC8FAE8FDA1}.Debug|x86.ActiveCfg = Debug|x86
		{F1E262B6-AF6F-4265-813B-4FC8FAE8FDA1}.Debug|x86.Build.0 = Debug|x86
		{F1E262B6-AF6F-4265-813B-4FC8FAE8FDA1}.Release|x86.ActiveCfg = Release|x86
		{F1E262B6-AF6F-4265-813B-4FC8FAE8FDA1}.Release|x86.Build.0 = Release|x86
		{D05D8D24-611E-4882-A36B-BABAFC0B7CA4}.Debug|x86.ActiveCfg = Debug|x86
		{D05D8D24-611E-4882-A36B-BABAFC0B7CA4}.Release|x86.ActiveCfg = Release|x86
	EndGlobalSection
	GlobalSection(SolutionProperties) = preSolution
		HideSolutionNode = FALSE
	EndGlobalSection
EndGlobal
